
Microsoft Visual Studio Solution File, Format Version 12.00
# Visual Studio Version 17
VisualStudioVersion = 17.4.33213.308
MinimumVisualStudioVersion = 10.0.40219.1
Project("{FAE04EC0-301F-11D3-BF4B-00C04F79EFBC}") = "MvcMovie", "MvcMovie.csproj", "{556272DA-01D5-409F-9F56-596E124068DF}"
EndProject
Global
	GlobalSection(SolutionConfigurationPlatforms) = preSolution
		Debug|Any CPU = Debug|Any CPU
		Release|Any CPU = Release|Any CPU
	EndGlobalSection
	GlobalSection(ProjectConfigurationPlatforms) = postSolution
		{556272DA-01D5-409F-9F56-596E124068DF}.Debug|Any CPU.ActiveCfg = Debug|Any CPU
		{556272DA-01D5-409F-9F56-596E124068DF}.Debug|Any CPU.Build.0 = Debug|Any CPU
		{556272DA-01D5-409F-9F56-596E124068DF}.Release|Any CPU.ActiveCfg = Release|Any CPU
		{556272DA-01D5-409F-9F56-596E124068DF}.Release|Any CPU.Build.0 = Release|Any CPU
	EndGlobalSection
	GlobalSection(SolutionProperties) = preSolution
		HideSolutionNode = FALSE
	EndGlobalSection
	GlobalSection(ExtensibilityGlobals) = postSolution
		SolutionGuid = {CC3455AD-0925-4C53-A016-D78AA03A385F}
	EndGlobalSection
EndGlobal
